
Microsoft Visual Studio Solution File, Format Version 12.00
# Visual Studio 15
VisualStudioVersion = 15.0.27428.2027
MinimumVisualStudioVersion = 10.0.40219.1
Project("{FAE04EC0-301F-11D3-BF4B-00C04F79EFBC}") = "App1.Android", "App1\App1.Android\App1.Android.csproj", "{BFFB7C9D-8219-44DC-BE45-B89322AD583C}"
EndProject
Project("{FAE04EC0-301F-11D3-BF4B-00C04F79EFBC}") = "App1.iOS", "App1\App1.iOS\App1.iOS.csproj", "{519B3D8F-A27D-443A-AD5B-A8E6724CD171}"
EndProject
Project("{FAE04EC0-301F-11D3-BF4B-00C04F79EFBC}") = "App1", "App1\App1\App1.csproj", "{D2D2A92F-843D-4EF8-B855-49982FEB70ED}"
EndProject
Global
	GlobalSection(SolutionConfigurationPlatforms) = preSolution
		Ad-Hoc|Any CPU = Ad-Hoc|Any CPU
		Ad-Hoc|iPhone = Ad-Hoc|iPhone
		Ad-Hoc|iPhoneSimulator = Ad-Hoc|iPhoneSimulator
		AppStore|Any CPU = AppStore|Any CPU
		AppStore|iPhone = AppStore|iPhone
		AppStore|iPhoneSimulator = AppStore|iPhoneSimulator
		Debug|Any CPU = Debug|Any CPU
		Debug|iPhone = Debug|iPhone
		Debug|iPhoneSimulator = Debug|iPhoneSimulator
		Release|Any CPU = Release|Any CPU
		Release|iPhone = Release|iPhone
		Release|iPhoneSimulator = Release|iPhoneSimulator
	EndGlobalSection
	GlobalSection(ProjectConfigurationPlatforms) = postSolution
		{BFFB7C9D-8219-44DC-BE45-B89322AD583C}.Ad-Hoc|Any CPU.ActiveCfg = Release|Any CPU
		{BFFB7C9D-8219-44DC-BE45-B89322AD583C}.Ad-Hoc|Any CPU.Build.0 = Release|Any CPU
		{BFFB7C9D-8219-44DC-BE45-B89322AD583C}.Ad-Hoc|Any CPU.Deploy.0 = Release|Any CPU
		{BFFB7C9D-8219-44DC-BE45-B89322AD583C}.Ad-Hoc|iPhone.ActiveCfg = Release|Any CPU
		{BFFB7C9D-8219-44DC-BE45-B89322AD583C}.Ad-Hoc|iPhone.Build.0 = Release|Any CPU
		{BFFB7C9D-8219-44DC-BE45-B89322AD583C}.Ad-Hoc|iPhone.Deploy.0 = Release|Any CPU
		{BFFB7C9D-8219-44DC-BE45-B89322AD583C}.Ad-Hoc|iPhoneSimulator.ActiveCfg = Release|Any CPU
		{BFFB7C9D-8219-44DC-BE45-B89322AD583C}.Ad-Hoc|iPhoneSimulator.Build.0 = Release|Any CPU
		{BFFB7C9D-8219-44DC-BE45-B89322AD583C}.Ad-Hoc|iPhoneSimulator.Deploy.0 = Release|Any CPU
		{BFFB7C9D-8219-44DC-BE45-B89322AD583C}.AppStore|Any CPU.ActiveCfg = Release|Any CPU
		{BFFB7C9D-8219-44DC-BE45-B89322AD583C}.AppStore|Any CPU.Build.0 = Release|Any CPU
		{BFFB7C9D-8219-44DC-BE45-B89322AD583C}.AppStore|Any CPU.Deploy.0 = Release|Any CPU
		{BFFB7C9D-8219-44DC-BE45-B89322AD583C}.AppStore|iPhone.ActiveCfg = Release|Any CPU
		{BFFB7C9D-8219-44DC-BE45-B89322AD583C}.AppStore|iPhone.Build.0 = Release|Any CPU
		{BFFB7C9D-8219-44DC-BE45-B89322AD583C}.AppStore|iPhone.Deploy.0 = Release|Any CPU
		{BFFB7C9D-8219-44DC-BE45-B89322AD583C}.AppStore|iPhoneSimulator.ActiveCfg = Release|Any CPU
		{BFFB7C9D-8219-44DC-BE45-B89322AD583C}.AppStore|iPhoneSimulator.Build.0 = Release|Any CPU
		{BFFB7C9D-8219-44DC-BE45-B89322AD583C}.AppStore|iPhoneSimulator.Deploy.0 = Release|Any CPU
		{BFFB7C9D-8219-44DC-BE45-B89322AD583C}.Debug|Any CPU.ActiveCfg = Debug|Any CPU
		{BFFB7C9D-8219-44DC-BE45-B89322AD583C}.Debug|Any CPU.Build.0 = Debug|Any CPU
		{BFFB7C9D-8219-44DC-BE45-B89322AD583C}.Debug|Any CPU.Deploy.0 = Debug|Any CPU
		{BFFB7C9D-8219-44DC-BE45-B89322AD583C}.Debug|iPhone.ActiveCfg = Debug|Any CPU
		{BFFB7C9D-8219-44DC-BE45-B89322AD583C}.Debug|iPhone.Build.0 = Debug|Any CPU
		{BFFB7C9D-8219-44DC-BE45-B89322AD583C}.Debug|iPhone.Deploy.0 = Debug|Any CPU
		{BFFB7C9D-8219-44DC-BE45-B89322AD583C}.Debug|iPhoneSimulator.ActiveCfg = Debug|Any CPU
		{BFFB7C9D-8219-44DC-BE45-B89322AD583C}.Debug|iPhoneSimulator.Build.0 = Debug|Any CPU
		{BFFB7C9D-8219-44DC-BE45-B89322AD583C}.Debug|iPhoneSimulator.Deploy.0 = Debug|Any CPU
		{BFFB7C9D-8219-44DC-BE45-B89322AD583C}.Release|Any CPU.ActiveCfg = Release|Any CPU
		{BFFB7C9D-8219-44DC-BE45-B89322AD583C}.Release|Any CPU.Build.0 = Release|Any CPU
		{BFFB7C9D-8219-44DC-BE45-B89322AD583C}.Release|Any CPU.Deploy.0 = Release|Any CPU
		{BFFB7C9D-8219-44DC-BE45-B89322AD583C}.Release|iPhone.ActiveCfg = Release|Any CPU
		{BFFB7C9D-8219-44DC-BE45-B89322AD583C}.Release|iPhone.Build.0 = Release|Any CPU
		{BFFB7C9D-8219-44DC-BE45-B89322AD583C}.Release|iPhone.Deploy.0 = Release|Any CPU
		{BFFB7C9D-8219-44DC-BE45-B89322AD583C}.Release|iPhoneSimulator.ActiveCfg = Release|Any CPU
		{BFFB7C9D-8219-44DC-BE45-B89322AD583C}.Release|iPhoneSimulator.Build.0 = Release|Any CPU
		{BFFB7C9D-8219-44DC-BE45-B89322AD583C}.Release|iPhoneSimulator.Deploy.0 = Release|Any CPU
		{519B3D8F-A27D-443A-AD5B-A8E6724CD171}.Ad-Hoc|Any CPU.ActiveCfg = Ad-Hoc|iPhone
		{519B3D8F-A27D-443A-AD5B-A8E6724CD171}.Ad-Hoc|iPhone.ActiveCfg = Ad-Hoc|iPhone
		{519B3D8F-A27D-443A-AD5B-A8E6724CD171}.Ad-Hoc|iPhone.Build.0 = Ad-Hoc|iPhone
		{519B3D8F-A27D-443A-AD5B-A8E6724CD171}.Ad-Hoc|iPhoneSimulator.ActiveCfg = Ad-Hoc|iPhoneSimulator
		{519B3D8F-A27D-443A-AD5B-A8E6724CD171}.Ad-Hoc|iPhoneSimulator.Build.0 = Ad-Hoc|iPhoneSimulator
		{519B3D8F-A27D-443A-AD5B-A8E6724CD171}.AppStore|Any CPU.ActiveCfg = AppStore|iPhone
		{519B3D8F-A27D-443A-AD5B-A8E6724CD171}.AppStore|iPhone.ActiveCfg = AppStore|iPhone
		{519B3D8F-A27D-443A-AD5B-A8E6724CD171}.AppStore|iPhone.Build.0 = AppStore|iPhone
		{519B3D8F-A27D-443A-AD5B-A8E6724CD171}.AppStore|iPhoneSimulator.ActiveCfg = AppStore|iPhoneSimulator
		{519B3D8F-A27D-443A-AD5B-A8E6724CD171}.AppStore|iPhoneSimulator.Build.0 = AppStore|iPhoneSimulator
		{519B3D8F-A27D-443A-AD5B-A8E6724CD171}.Debug|Any CPU.ActiveCfg = Debug|iPhone
		{519B3D8F-A27D-443A-AD5B-A8E6724CD171}.Debug|iPhone.ActiveCfg = Debug|iPhone
		{519B3D8F-A27D-443A-AD5B-A8E6724CD171}.Debug|iPhone.Build.0 = Debug|iPhone
		{519B3D8F-A27D-443A-AD5B-A8E6724CD171}.Debug|iPhoneSimulator.ActiveCfg = Debug|iPhoneSimulator
		{519B3D8F-A27D-443A-AD5B-A8E6724CD171}.Debug|iPhoneSimulator.Build.0 = Debug|iPhoneSimulator
		{519B3D8F-A27D-443A-AD5B-A8E6724CD171}.Release|Any CPU.ActiveCfg = Release|iPhone
		{519B3D8F-A27D-443A-AD5B-A8E6724CD171}.Release|iPhone.ActiveCfg = Release|iPhone
		{519B3D8F-A27D-443A-AD5B-A8E6724CD171}.Release|iPhone.Build.0 = Release|iPhone
		{519B3D8F-A27D-443A-AD5B-A8E6724CD171}.Release|iPhoneSimulator.ActiveCfg = Release|iPhoneSimulator
		{519B3D8F-A27D-443A-AD5B-A8E6724CD171}.Release|iPhoneSimulator.Build.0 = Release|iPhoneSimulator
		{D2D2A92F-843D-4EF8-B855-49982FEB70ED}.Ad-Hoc|Any CPU.ActiveCfg = Debug|Any CPU
		{D2D2A92F-843D-4EF8-B855-49982FEB70ED}.Ad-Hoc|Any CPU.Build.0 = Debug|Any CPU
		{D2D2A92F-843D-4EF8-B855-49982FEB70ED}.Ad-Hoc|iPhone.ActiveCfg = Debug|Any CPU
		{D2D2A92F-843D-4EF8-B855-49982FEB70ED}.Ad-Hoc|iPhone.Build.0 = Debug|Any CPU
		{D2D2A92F-843D-4EF8-B855-49982FEB70ED}.Ad-Hoc|iPhoneSimulator.ActiveCfg = Debug|Any CPU
		{D2D2A92F-843D-4EF8-B855-49982FEB70ED}.Ad-Hoc|iPhoneSimulator.Build.0 = Debug|Any CPU
		{D2D2A92F-843D-4EF8-B855-49982FEB70ED}.AppStore|Any CPU.ActiveCfg = Debug|Any CPU
		{D2D2A92F-843D-4EF8-B855-49982FEB70ED}.AppStore|Any CPU.Build.0 = Debug|Any CPU
		{D2D2A92F-843D-4EF8-B855-49982FEB70ED}.AppStore|iPhone.ActiveCfg = Debug|Any CPU
		{D2D2A92F-843D-4EF8-B855-49982FEB70ED}.AppStore|iPhone.Build.0 = Debug|Any CPU
		{D2D2A92F-843D-4EF8-B855-49982FEB70ED}.AppStore|iPhoneSimulator.ActiveCfg = Debug|Any CPU
		{D2D2A92F-843D-4EF8-B855-49982FEB70ED}.AppStore|iPhoneSimulator.Build.0 = Debug|Any CPU
		{D2D2A92F-843D-4EF8-B855-49982FEB70ED}.Debug|Any CPU.ActiveCfg = Debug|Any CPU
		{D2D2A92F-843D-4EF8-B855-49982FEB70ED}.Debug|Any CPU.Build.0 = Debug|Any CPU
		{D2D2A92F-843D-4EF8-B855-49982FEB70ED}.Debug|iPhone.ActiveCfg = Debug|Any CPU
		{D2D2A92F-843D-4EF8-B855-49982FEB70ED}.Debug|iPhone.Build.0 = Debug|Any CPU
		{D2D2A92F-843D-4EF8-B855-49982FEB70ED}.Debug|iPhoneSimulator.ActiveCfg = Debug|Any CPU
		{D2D2A92F-843D-4EF8-B855-49982FEB70ED}.Debug|iPhoneSimulator.Build.0 = Debug|Any CPU
		{D2D2A92F-843D-4EF8-B855-49982FEB70ED}.Release|Any CPU.ActiveCfg = Release|Any CPU
		{D2D2A92F-843D-4EF8-B855-49982FEB70ED}.Release|Any CPU.Build.0 = Release|Any CPU
		{D2D2A92F-843D-4EF8-B855-49982FEB70ED}.Release|iPhone.ActiveCfg = Release|Any CPU
		{D2D2A92F-843D-4EF8-B855-49982FEB70ED}.Release|iPhone.Build.0 = Release|Any CPU
		{D2D2A92F-843D-4EF8-B855-49982FEB70ED}.Release|iPhoneSimulator.ActiveCfg = Release|Any CPU
		{D2D2A92F-843D-4EF8-B855-49982FEB70ED}.Release|iPhoneSimulator.Build.0 = Release|Any CPU
	EndGlobalSection
	GlobalSection(SolutionProperties) = preSolution
		HideSolutionNode = FALSE
	EndGlobalSection
	GlobalSection(ExtensibilityGlobals) = postSolution
		SolutionGuid = {F34D6301-85E1-4843-A500-4E0283CEC227}
	EndGlobalSection
EndGlobal
